
Microsoft Visual Studio Solution File, Format Version 12.00
# Visual Studio 15
VisualStudioVersion = 15.0.28307.645
MinimumVisualStudioVersion = 10.0.40219.1
Project("{8BC9CEB8-8B4A-11D0-8D11-00A0C91BC942}") = "access", "access\access.vcxproj", "{E58E2809-1D07-4215-A4E7-CA4EE0368128}"
EndProject
Global
	GlobalSection(SolutionConfigurationPlatforms) = preSolution
		Debug|x64 = Debug|x64
		Debug|x86 = Debug|x86
		Release|x64 = Release|x64
		Release|x86 = Release|x86
	EndGlobalSection
	GlobalSection(ProjectConfigurationPlatforms) = postSolution
		{E58E2809-1D07-4215-A4E7-CA4EE0368128}.Debug|x64.ActiveCfg = Debug|x64
		{E58E2809-1D07-4215-A4E7-CA4EE0368128}.Debug|x64.Build.0 = Debug|x64
		{E58E2809-1D07-4215-A4E7-CA4EE0368128}.Debug|x86.ActiveCfg = Debug|Win32
		{E58E2809-1D07-4215-A4E7-CA4EE0368128}.Debug|x86.Build.0 = Debug|Win32
		{E58E2809-1D07-4215-A4E7-CA4EE0368128}.Release|x64.ActiveCfg = Release|x64
		{E58E2809-1D07-4215-A4E7-CA4EE0368128}.Release|x64.Build.0 = Release|x64
		{E58E2809-1D07-4215-A4E7-CA4EE0368128}.Release|x86.ActiveCfg = Release|Win32
		{E58E2809-1D07-4215-A4E7-CA4EE0368128}.Release|x86.Build.0 = Release|Win32
	EndGlobalSection
	GlobalSection(SolutionProperties) = preSolution
		HideSolutionNode = FALSE
	EndGlobalSection
	GlobalSection(ExtensibilityGlobals) = postSolution
		SolutionGuid = {8F09A58D-98A6-4EA4-BDCC-B430E90B3D9E}
	EndGlobalSection
EndGlobal
